// !$*UTF8*$!
{
	archiveVersion = 1;
	classes = {
	};
	objectVersion = 50;
	objects = {

/* Begin PBXBuildFile section */
		AE4A67F025D9B85100FCE650 /* AppDelegate.swift in Sources */ = {isa = PBXBuildFile; fileRef = AE4A67EF25D9B85100FCE650 /* AppDelegate.swift */; };
		AE4A67F225D9B85100FCE650 /* SceneDelegate.swift in Sources */ = {isa = PBXBuildFile; fileRef = AE4A67F125D9B85100FCE650 /* SceneDelegate.swift */; };
		AE4A67F725D9B85100FCE650 /* Main.storyboard in Resources */ = {isa = PBXBuildFile; fileRef = AE4A67F525D9B85100FCE650 /* Main.storyboard */; };
		AE4A67F925D9B85400FCE650 /* Assets.xcassets in Resources */ = {isa = PBXBuildFile; fileRef = AE4A67F825D9B85400FCE650 /* Assets.xcassets */; };
		AE4A67FC25D9B85400FCE650 /* LaunchScreen.storyboard in Resources */ = {isa = PBXBuildFile; fileRef = AE4A67FA25D9B85400FCE650 /* LaunchScreen.storyboard */; };
		AE4A680525D9C4AC00FCE650 /* HomeCollectionViewController.swift in Sources */ = {isa = PBXBuildFile; fileRef = AE4A680425D9C4AC00FCE650 /* HomeCollectionViewController.swift */; };
		AE4A680825D9C4BE00FCE650 /* HabitCollectionViewController.swift in Sources */ = {isa = PBXBuildFile; fileRef = AE4A680725D9C4BE00FCE650 /* HabitCollectionViewController.swift */; };
		AE4A680B25D9C4C900FCE650 /* UserCollectionViewController.swift in Sources */ = {isa = PBXBuildFile; fileRef = AE4A680A25D9C4C900FCE650 /* UserCollectionViewController.swift */; };
		AE4A680E25D9C4D700FCE650 /* LogHabitCollectionViewController.swift in Sources */ = {isa = PBXBuildFile; fileRef = AE4A680D25D9C4D700FCE650 /* LogHabitCollectionViewController.swift */; };
		AE4A681125D9C5E100FCE650 /* HabitDetailViewController.swift in Sources */ = {isa = PBXBuildFile; fileRef = AE4A681025D9C5E100FCE650 /* HabitDetailViewController.swift */; };
		AE4A681425D9C5F200FCE650 /* UserDetailViewController.swift in Sources */ = {isa = PBXBuildFile; fileRef = AE4A681325D9C5F200FCE650 /* UserDetailViewController.swift */; };
		AE4A681725D9C74300FCE650 /* Habit.swift in Sources */ = {isa = PBXBuildFile; fileRef = AE4A681625D9C74300FCE650 /* Habit.swift */; };
		AE4A681A25D9C76F00FCE650 /* Category.swift in Sources */ = {isa = PBXBuildFile; fileRef = AE4A681925D9C76F00FCE650 /* Category.swift */; };
		AE4A681D25D9C79500FCE650 /* Color.swift in Sources */ = {isa = PBXBuildFile; fileRef = AE4A681C25D9C79500FCE650 /* Color.swift */; };
		AE4A682225D9E68A00FCE650 /* APIRequest.swift in Sources */ = {isa = PBXBuildFile; fileRef = AE4A682125D9E68A00FCE650 /* APIRequest.swift */; };
		AE4A682625D9E98C00FCE650 /* APIService.swift in Sources */ = {isa = PBXBuildFile; fileRef = AE4A682525D9E98C00FCE650 /* APIService.swift */; };
		AE8A176325DB161D002B0BE8 /* PrimarySecondaryTextCollectionViewCell.swift in Sources */ = {isa = PBXBuildFile; fileRef = AE8A176225DB161D002B0BE8 /* PrimarySecondaryTextCollectionViewCell.swift */; };
		AE8A176625DB1AB3002B0BE8 /* Settings.swift in Sources */ = {isa = PBXBuildFile; fileRef = AE8A176525DB1AB3002B0BE8 /* Settings.swift */; };
		AE8A176A25DB1C8A002B0BE8 /* UICollectionViewDiffableDataSource+ViewModel.swift in Sources */ = {isa = PBXBuildFile; fileRef = AE8A176925DB1C8A002B0BE8 /* UICollectionViewDiffableDataSource+ViewModel.swift */; };
		AE8A176F25DB2029002B0BE8 /* NamedSectionHeaderView.swift in Sources */ = {isa = PBXBuildFile; fileRef = AE8A176E25DB2029002B0BE8 /* NamedSectionHeaderView.swift */; };
		AE8A177625DB2D79002B0BE8 /* User.swift in Sources */ = {isa = PBXBuildFile; fileRef = AE8A177525DB2D79002B0BE8 /* User.swift */; };
		AE8A177A25DB36CA002B0BE8 /* HabitStatistics.swift in Sources */ = {isa = PBXBuildFile; fileRef = AE8A177925DB36CA002B0BE8 /* HabitStatistics.swift */; };
		AE8A177E25DB36EF002B0BE8 /* UserCount.swift in Sources */ = {isa = PBXBuildFile; fileRef = AE8A177D25DB36EF002B0BE8 /* UserCount.swift */; };
		AE8A178225DB461C002B0BE8 /* UserStatistics.swift in Sources */ = {isa = PBXBuildFile; fileRef = AE8A178125DB461C002B0BE8 /* UserStatistics.swift */; };
		AE8A178625DB4672002B0BE8 /* HabitCount.swift in Sources */ = {isa = PBXBuildFile; fileRef = AE8A178525DB4672002B0BE8 /* HabitCount.swift */; };
		AED2B37825DBB82000762035 /* LoggedHabit.swift in Sources */ = {isa = PBXBuildFile; fileRef = AED2B37725DBB82000762035 /* LoggedHabit.swift */; };
		AED2B37C25DBBADE00762035 /* LeaderboardHabitCollectionViewCell.swift in Sources */ = {isa = PBXBuildFile; fileRef = AED2B37B25DBBADE00762035 /* LeaderboardHabitCollectionViewCell.swift */; };
		AED2B38025DBBF7D00762035 /* CombinedStatistics.swift in Sources */ = {isa = PBXBuildFile; fileRef = AED2B37F25DBBF7D00762035 /* CombinedStatistics.swift */; };
/* End PBXBuildFile section */

/* Begin PBXFileReference section */
		AE4A67EC25D9B85100FCE650 /* Habits.app */ = {isa = PBXFileReference; explicitFileType = wrapper.application; includeInIndex = 0; path = Habits.app; sourceTree = BUILT_PRODUCTS_DIR; };
		AE4A67EF25D9B85100FCE650 /* AppDelegate.swift */ = {isa = PBXFileReference; lastKnownFileType = sourcecode.swift; path = AppDelegate.swift; sourceTree = "<group>"; };
		AE4A67F125D9B85100FCE650 /* SceneDelegate.swift */ = {isa = PBXFileReference; lastKnownFileType = sourcecode.swift; path = SceneDelegate.swift; sourceTree = "<group>"; };
		AE4A67F625D9B85100FCE650 /* Base */ = {isa = PBXFileReference; lastKnownFileType = file.storyboard; name = Base; path = Base.lproj/Main.storyboard; sourceTree = "<group>"; };
		AE4A67F825D9B85400FCE650 /* Assets.xcassets */ = {isa = PBXFileReference; lastKnownFileType = folder.assetcatalog; path = Assets.xcassets; sourceTree = "<group>"; };
		AE4A67FB25D9B85400FCE650 /* Base */ = {isa = PBXFileReference; lastKnownFileType = file.storyboard; name = Base; path = Base.lproj/LaunchScreen.storyboard; sourceTree = "<group>"; };
		AE4A67FD25D9B85400FCE650 /* Info.plist */ = {isa = PBXFileReference; lastKnownFileType = text.plist.xml; path = Info.plist; sourceTree = "<group>"; };
		AE4A680425D9C4AC00FCE650 /* HomeCollectionViewController.swift */ = {isa = PBXFileReference; lastKnownFileType = sourcecode.swift; path = HomeCollectionViewController.swift; sourceTree = "<group>"; };
		AE4A680725D9C4BE00FCE650 /* HabitCollectionViewController.swift */ = {isa = PBXFileReference; lastKnownFileType = sourcecode.swift; path = HabitCollectionViewController.swift; sourceTree = "<group>"; };
		AE4A680A25D9C4C900FCE650 /* UserCollectionViewController.swift */ = {isa = PBXFileReference; lastKnownFileType = sourcecode.swift; path = UserCollectionViewController.swift; sourceTree = "<group>"; };
		AE4A680D25D9C4D700FCE650 /* LogHabitCollectionViewController.swift */ = {isa = PBXFileReference; lastKnownFileType = sourcecode.swift; path = LogHabitCollectionViewController.swift; sourceTree = "<group>"; };
		AE4A681025D9C5E100FCE650 /* HabitDetailViewController.swift */ = {isa = PBXFileReference; lastKnownFileType = sourcecode.swift; path = HabitDetailViewController.swift; sourceTree = "<group>"; };
		AE4A681325D9C5F200FCE650 /* UserDetailViewController.swift */ = {isa = PBXFileReference; lastKnownFileType = sourcecode.swift; path = UserDetailViewController.swift; sourceTree = "<group>"; };
		AE4A681625D9C74300FCE650 /* Habit.swift */ = {isa = PBXFileReference; lastKnownFileType = sourcecode.swift; path = Habit.swift; sourceTree = "<group>"; };
		AE4A681925D9C76F00FCE650 /* Category.swift */ = {isa = PBXFileReference; lastKnownFileType = sourcecode.swift; path = Category.swift; sourceTree = "<group>"; };
		AE4A681C25D9C79500FCE650 /* Color.swift */ = {isa = PBXFileReference; lastKnownFileType = sourcecode.swift; path = Color.swift; sourceTree = "<group>"; };
		AE4A682125D9E68A00FCE650 /* APIRequest.swift */ = {isa = PBXFileReference; lastKnownFileType = sourcecode.swift; path = APIRequest.swift; sourceTree = "<group>"; };
		AE4A682525D9E98C00FCE650 /* APIService.swift */ = {isa = PBXFileReference; lastKnownFileType = sourcecode.swift; path = APIService.swift; sourceTree = "<group>"; };
		AE8A176225DB161D002B0BE8 /* PrimarySecondaryTextCollectionViewCell.swift */ = {isa = PBXFileReference; lastKnownFileType = sourcecode.swift; path = PrimarySecondaryTextCollectionViewCell.swift; sourceTree = "<group>"; };
		AE8A176525DB1AB3002B0BE8 /* Settings.swift */ = {isa = PBXFileReference; lastKnownFileType = sourcecode.swift; path = Settings.swift; sourceTree = "<group>"; };
		AE8A176925DB1C8A002B0BE8 /* UICollectionViewDiffableDataSource+ViewModel.swift */ = {isa = PBXFileReference; lastKnownFileType = sourcecode.swift; path = "UICollectionViewDiffableDataSource+ViewModel.swift"; sourceTree = "<group>"; };
		AE8A176E25DB2029002B0BE8 /* NamedSectionHeaderView.swift */ = {isa = PBXFileReference; lastKnownFileType = sourcecode.swift; path = NamedSectionHeaderView.swift; sourceTree = "<group>"; };
		AE8A177525DB2D79002B0BE8 /* User.swift */ = {isa = PBXFileReference; lastKnownFileType = sourcecode.swift; path = User.swift; sourceTree = "<group>"; };
		AE8A177925DB36CA002B0BE8 /* HabitStatistics.swift */ = {isa = PBXFileReference; lastKnownFileType = sourcecode.swift; path = HabitStatistics.swift; sourceTree = "<group>"; };
		AE8A177D25DB36EF002B0BE8 /* UserCount.swift */ = {isa = PBXFileReference; lastKnownFileType = sourcecode.swift; path = UserCount.swift; sourceTree = "<group>"; };
		AE8A178125DB461C002B0BE8 /* UserStatistics.swift */ = {isa = PBXFileReference; lastKnownFileType = sourcecode.swift; path = UserStatistics.swift; sourceTree = "<group>"; };
		AE8A178525DB4672002B0BE8 /* HabitCount.swift */ = {isa = PBXFileReference; lastKnownFileType = sourcecode.swift; path = HabitCount.swift; sourceTree = "<group>"; };
		AED2B37725DBB82000762035 /* LoggedHabit.swift */ = {isa = PBXFileReference; lastKnownFileType = sourcecode.swift; path = LoggedHabit.swift; sourceTree = "<group>"; };
		AED2B37B25DBBADE00762035 /* LeaderboardHabitCollectionViewCell.swift */ = {isa = PBXFileReference; lastKnownFileType = sourcecode.swift; path = LeaderboardHabitCollectionViewCell.swift; sourceTree = "<group>"; };
		AED2B37F25DBBF7D00762035 /* CombinedStatistics.swift */ = {isa = PBXFileReference; lastKnownFileType = sourcecode.swift; path = CombinedStatistics.swift; sourceTree = "<group>"; };
/* End PBXFileReference section */

/* Begin PBXFrameworksBuildPhase section */
		AE4A67E925D9B85100FCE650 /* Frameworks */ = {
			isa = PBXFrameworksBuildPhase;
			buildActionMask = 2147483647;
			files = (
			);
			runOnlyForDeploymentPostprocessing = 0;
		};
/* End PBXFrameworksBuildPhase section */

/* Begin PBXGroup section */
		AE4A67E325D9B85100FCE650 = {
			isa = PBXGroup;
			children = (
				AE4A67EE25D9B85100FCE650 /* Habits */,
				AE4A67ED25D9B85100FCE650 /* Products */,
			);
			sourceTree = "<group>";
		};
		AE4A67ED25D9B85100FCE650 /* Products */ = {
			isa = PBXGroup;
			children = (
				AE4A67EC25D9B85100FCE650 /* Habits.app */,
			);
			name = Products;
			sourceTree = "<group>";
		};
		AE4A67EE25D9B85100FCE650 /* Habits */ = {
			isa = PBXGroup;
			children = (
				AE4A67EF25D9B85100FCE650 /* AppDelegate.swift */,
				AE4A67F125D9B85100FCE650 /* SceneDelegate.swift */,
				AE4A67F525D9B85100FCE650 /* Main.storyboard */,
				AE8A176D25DB1FF4002B0BE8 /* CollectionViewCell */,
				AE8A176525DB1AB3002B0BE8 /* Settings.swift */,
				AE8A177125DB202D002B0BE8 /* ReusableView */,
				AE8A176925DB1C8A002B0BE8 /* UICollectionViewDiffableDataSource+ViewModel.swift */,
				AE4A682825D9EA7E00FCE650 /* NetWork */,
				AE4A681F25D9C7BB00FCE650 /* Model */,
				AE8A178825DB469A002B0BE8 /* Supporting Model */,
				AE4A682925D9EA9300FCE650 /* DetailVC */,
				AE4A682A25D9EAA600FCE650 /* MainCollectionVC */,
				AE4A67F825D9B85400FCE650 /* Assets.xcassets */,
				AE4A67FA25D9B85400FCE650 /* LaunchScreen.storyboard */,
				AE4A67FD25D9B85400FCE650 /* Info.plist */,
			);
			path = Habits;
			sourceTree = "<group>";
		};
		AE4A681F25D9C7BB00FCE650 /* Model */ = {
			isa = PBXGroup;
			children = (
				AE8A177525DB2D79002B0BE8 /* User.swift */,
				AE4A681625D9C74300FCE650 /* Habit.swift */,
				AE4A681925D9C76F00FCE650 /* Category.swift */,
				AE4A681C25D9C79500FCE650 /* Color.swift */,
			);
			path = Model;
			sourceTree = "<group>";
		};
		AE4A682825D9EA7E00FCE650 /* NetWork */ = {
			isa = PBXGroup;
			children = (
				AE4A682125D9E68A00FCE650 /* APIRequest.swift */,
				AE4A682525D9E98C00FCE650 /* APIService.swift */,
			);
			path = NetWork;
			sourceTree = "<group>";
		};
		AE4A682925D9EA9300FCE650 /* DetailVC */ = {
			isa = PBXGroup;
			children = (
				AE4A681025D9C5E100FCE650 /* HabitDetailViewController.swift */,
				AE4A681325D9C5F200FCE650 /* UserDetailViewController.swift */,
			);
			path = DetailVC;
			sourceTree = "<group>";
		};
		AE4A682A25D9EAA600FCE650 /* MainCollectionVC */ = {
			isa = PBXGroup;
			children = (
				AE4A680425D9C4AC00FCE650 /* HomeCollectionViewController.swift */,
				AE4A680725D9C4BE00FCE650 /* HabitCollectionViewController.swift */,
				AE4A680A25D9C4C900FCE650 /* UserCollectionViewController.swift */,
				AE4A680D25D9C4D700FCE650 /* LogHabitCollectionViewController.swift */,
			);
			path = MainCollectionVC;
			sourceTree = "<group>";
		};
		AE8A176D25DB1FF4002B0BE8 /* CollectionViewCell */ = {
			isa = PBXGroup;
			children = (
				AE8A176225DB161D002B0BE8 /* PrimarySecondaryTextCollectionViewCell.swift */,
				AED2B37B25DBBADE00762035 /* LeaderboardHabitCollectionViewCell.swift */,
			);
			path = CollectionViewCell;
			sourceTree = "<group>";
		};
		AE8A177125DB202D002B0BE8 /* ReusableView */ = {
			isa = PBXGroup;
			children = (
				AE8A176E25DB2029002B0BE8 /* NamedSectionHeaderView.swift */,
			);
			path = ReusableView;
			sourceTree = "<group>";
		};
		AE8A178825DB469A002B0BE8 /* Supporting Model */ = {
			isa = PBXGroup;
			children = (
				AE8A178125DB461C002B0BE8 /* UserStatistics.swift */,
				AE8A177D25DB36EF002B0BE8 /* UserCount.swift */,
				AE8A177925DB36CA002B0BE8 /* HabitStatistics.swift */,
				AE8A178525DB4672002B0BE8 /* HabitCount.swift */,
				AED2B37725DBB82000762035 /* LoggedHabit.swift */,
				AED2B37F25DBBF7D00762035 /* CombinedStatistics.swift */,
			);
			path = "Supporting Model";
			sourceTree = "<group>";
		};
/* End PBXGroup section */

/* Begin PBXNativeTarget section */
		AE4A67EB25D9B85100FCE650 /* Habits */ = {
			isa = PBXNativeTarget;
			buildConfigurationList = AE4A680025D9B85400FCE650 /* Build configuration list for PBXNativeTarget "Habits" */;
			buildPhases = (
				AE4A67E825D9B85100FCE650 /* Sources */,
				AE4A67E925D9B85100FCE650 /* Frameworks */,
				AE4A67EA25D9B85100FCE650 /* Resources */,
			);
			buildRules = (
			);
			dependencies = (
			);
			name = Habits;
			productName = Habits;
			productReference = AE4A67EC25D9B85100FCE650 /* Habits.app */;
			productType = "com.apple.product-type.application";
		};
/* End PBXNativeTarget section */

/* Begin PBXProject section */
		AE4A67E425D9B85100FCE650 /* Project object */ = {
			isa = PBXProject;
			attributes = {
				LastSwiftUpdateCheck = 1240;
				LastUpgradeCheck = 1240;
				TargetAttributes = {
					AE4A67EB25D9B85100FCE650 = {
						CreatedOnToolsVersion = 12.4;
					};
				};
			};
			buildConfigurationList = AE4A67E725D9B85100FCE650 /* Build configuration list for PBXProject "Habits" */;
			compatibilityVersion = "Xcode 9.3";
			developmentRegion = en;
			hasScannedForEncodings = 0;
			knownRegions = (
				en,
				Base,
			);
			mainGroup = AE4A67E325D9B85100FCE650;
			productRefGroup = AE4A67ED25D9B85100FCE650 /* Products */;
			projectDirPath = "";
			projectRoot = "";
			targets = (
				AE4A67EB25D9B85100FCE650 /* Habits */,
			);
		};
/* End PBXProject section */

/* Begin PBXResourcesBuildPhase section */
		AE4A67EA25D9B85100FCE650 /* Resources */ = {
			isa = PBXResourcesBuildPhase;
			buildActionMask = 2147483647;
			files = (
				AE4A67FC25D9B85400FCE650 /* LaunchScreen.storyboard in Resources */,
				AE4A67F925D9B85400FCE650 /* Assets.xcassets in Resources */,
				AE4A67F725D9B85100FCE650 /* Main.storyboard in Resources */,
			);
			runOnlyForDeploymentPostprocessing = 0;
		};
/* End PBXResourcesBuildPhase section */

/* Begin PBXSourcesBuildPhase section */
		AE4A67E825D9B85100FCE650 /* Sources */ = {
			isa = PBXSourcesBuildPhase;
			buildActionMask = 2147483647;
			files = (
				AE4A680E25D9C4D700FCE650 /* LogHabitCollectionViewController.swift in Sources */,
				AE8A176A25DB1C8A002B0BE8 /* UICollectionViewDiffableDataSource+ViewModel.swift in Sources */,
				AE8A176F25DB2029002B0BE8 /* NamedSectionHeaderView.swift in Sources */,
				AE4A681425D9C5F200FCE650 /* UserDetailViewController.swift in Sources */,
				AE4A680525D9C4AC00FCE650 /* HomeCollectionViewController.swift in Sources */,
				AE4A680825D9C4BE00FCE650 /* HabitCollectionViewController.swift in Sources */,
				AE4A681D25D9C79500FCE650 /* Color.swift in Sources */,
				AE4A681125D9C5E100FCE650 /* HabitDetailViewController.swift in Sources */,
				AE4A681725D9C74300FCE650 /* Habit.swift in Sources */,
				AE8A176325DB161D002B0BE8 /* PrimarySecondaryTextCollectionViewCell.swift in Sources */,
				AE8A177E25DB36EF002B0BE8 /* UserCount.swift in Sources */,
				AE4A67F025D9B85100FCE650 /* AppDelegate.swift in Sources */,
				AED2B37825DBB82000762035 /* LoggedHabit.swift in Sources */,
				AE8A176625DB1AB3002B0BE8 /* Settings.swift in Sources */,
				AE8A178225DB461C002B0BE8 /* UserStatistics.swift in Sources */,
				AE8A178625DB4672002B0BE8 /* HabitCount.swift in Sources */,
				AED2B38025DBBF7D00762035 /* CombinedStatistics.swift in Sources */,
				AE4A67F225D9B85100FCE650 /* SceneDelegate.swift in Sources */,
				AE4A682625D9E98C00FCE650 /* APIService.swift in Sources */,
				AE8A177625DB2D79002B0BE8 /* User.swift in Sources */,
				AE4A680B25D9C4C900FCE650 /* UserCollectionViewController.swift in Sources */,
				AE8A177A25DB36CA002B0BE8 /* HabitStatistics.swift in Sources */,
				AE4A682225D9E68A00FCE650 /* APIRequest.swift in Sources */,
				AE4A681A25D9C76F00FCE650 /* Category.swift in Sources */,
				AED2B37C25DBBADE00762035 /* LeaderboardHabitCollectionViewCell.swift in Sources */,
			);
			runOnlyForDeploymentPostprocessing = 0;
		};
/* End PBXSourcesBuildPhase section */

/* Begin PBXVariantGroup section */
		AE4A67F525D9B85100FCE650 /* Main.storyboard */ = {
			isa = PBXVariantGroup;
			children = (
				AE4A67F625D9B85100FCE650 /* Base */,
			);
			name = Main.storyboard;
			sourceTree = "<group>";
		};
		AE4A67FA25D9B85400FCE650 /* LaunchScreen.storyboard */ = {
			isa = PBXVariantGroup;
			children = (
				AE4A67FB25D9B85400FCE650 /* Base */,
			);
			name = LaunchScreen.storyboard;
			sourceTree = "<group>";
		};
/* End PBXVariantGroup section */

/* Begin XCBuildConfiguration section */
		AE4A67FE25D9B85400FCE650 /* Debug */ = {
			isa = XCBuildConfiguration;
			buildSettings = {
				ALWAYS_SEARCH_USER_PATHS = NO;
				CLANG_ANALYZER_NONNULL = YES;
				CLANG_ANALYZER_NUMBER_OBJECT_CONVERSION = YES_AGGRESSIVE;
				CLANG_CXX_LANGUAGE_STANDARD = "gnu++14";
				CLANG_CXX_LIBRARY = "libc++";
				CLANG_ENABLE_MODULES = YES;
				CLANG_ENABLE_OBJC_ARC = YES;
				CLANG_ENABLE_OBJC_WEAK = YES;
				CLANG_WARN_BLOCK_CAPTURE_AUTORELEASING = YES;
				CLANG_WARN_BOOL_CONVERSION = YES;
				CLANG_WARN_COMMA = YES;
				CLANG_WARN_CONSTANT_CONVERSION = YES;
				CLANG_WARN_DEPRECATED_OBJC_IMPLEMENTATIONS = YES;
				CLANG_WARN_DIRECT_OBJC_ISA_USAGE = YES_ERROR;
				CLANG_WARN_DOCUMENTATION_COMMENTS = YES;
				CLANG_WARN_EMPTY_BODY = YES;
				CLANG_WARN_ENUM_CONVERSION = YES;
				CLANG_WARN_INFINITE_RECURSION = YES;
				CLANG_WARN_INT_CONVERSION = YES;
				CLANG_WARN_NON_LITERAL_NULL_CONVERSION = YES;
				CLANG_WARN_OBJC_IMPLICIT_RETAIN_SELF = YES;
				CLANG_WARN_OBJC_LITERAL_CONVERSION = YES;
				CLANG_WARN_OBJC_ROOT_CLASS = YES_ERROR;
				CLANG_WARN_QUOTED_INCLUDE_IN_FRAMEWORK_HEADER = YES;
				CLANG_WARN_RANGE_LOOP_ANALYSIS = YES;
				CLANG_WARN_STRICT_PROTOTYPES = YES;
				CLANG_WARN_SUSPICIOUS_MOVE = YES;
				CLANG_WARN_UNGUARDED_AVAILABILITY = YES_AGGRESSIVE;
				CLANG_WARN_UNREACHABLE_CODE = YES;
				CLANG_WARN__DUPLICATE_METHOD_MATCH = YES;
				COPY_PHASE_STRIP = NO;
				DEBUG_INFORMATION_FORMAT = dwarf;
				ENABLE_STRICT_OBJC_MSGSEND = YES;
				ENABLE_TESTABILITY = YES;
				GCC_C_LANGUAGE_STANDARD = gnu11;
				GCC_DYNAMIC_NO_PIC = NO;
				GCC_NO_COMMON_BLOCKS = YES;
				GCC_OPTIMIZATION_LEVEL = 0;
				GCC_PREPROCESSOR_DEFINITIONS = (
					"DEBUG=1",
					"$(inherited)",
				);
				GCC_WARN_64_TO_32_BIT_CONVERSION = YES;
				GCC_WARN_ABOUT_RETURN_TYPE = YES_ERROR;
				GCC_WARN_UNDECLARED_SELECTOR = YES;
				GCC_WARN_UNINITIALIZED_AUTOS = YES_AGGRESSIVE;
				GCC_WARN_UNUSED_FUNCTION = YES;
				GCC_WARN_UNUSED_VARIABLE = YES;
				IPHONEOS_DEPLOYMENT_TARGET = 14.4;
				MTL_ENABLE_DEBUG_INFO = INCLUDE_SOURCE;
				MTL_FAST_MATH = YES;
				ONLY_ACTIVE_ARCH = YES;
				SDKROOT = iphoneos;
				SWIFT_ACTIVE_COMPILATION_CONDITIONS = DEBUG;
				SWIFT_OPTIMIZATION_LEVEL = "-Onone";
			};
			name = Debug;
		};
		AE4A67FF25D9B85400FCE650 /* Release */ = {
			isa = XCBuildConfiguration;
			buildSettings = {
				ALWAYS_SEARCH_USER_PATHS = NO;
				CLANG_ANALYZER_NONNULL = YES;
				CLANG_ANALYZER_NUMBER_OBJECT_CONVERSION = YES_AGGRESSIVE;
				CLANG_CXX_LANGUAGE_STANDARD = "gnu++14";
				CLANG_CXX_LIBRARY = "libc++";
				CLANG_ENABLE_MODULES = YES;
				CLANG_ENABLE_OBJC_ARC = YES;
				CLANG_ENABLE_OBJC_WEAK = YES;
				CLANG_WARN_BLOCK_CAPTURE_AUTORELEASING = YES;
				CLANG_WARN_BOOL_CONVERSION = YES;
				CLANG_WARN_COMMA = YES;
				CLANG_WARN_CONSTANT_CONVERSION = YES;
				CLANG_WARN_DEPRECATED_OBJC_IMPLEMENTATIONS = YES;
				CLANG_WARN_DIRECT_OBJC_ISA_USAGE = YES_ERROR;
				CLANG_WARN_DOCUMENTATION_COMMENTS = YES;
				CLANG_WARN_EMPTY_BODY = YES;
				CLANG_WARN_ENUM_CONVERSION = YES;
				CLANG_WARN_INFINITE_RECURSION = YES;
				CLANG_WARN_INT_CONVERSION = YES;
				CLANG_WARN_NON_LITERAL_NULL_CONVERSION = YES;
				CLANG_WARN_OBJC_IMPLICIT_RETAIN_SELF = YES;
				CLANG_WARN_OBJC_LITERAL_CONVERSION = YES;
				CLANG_WARN_OBJC_ROOT_CLASS = YES_ERROR;
				CLANG_WARN_QUOTED_INCLUDE_IN_FRAMEWORK_HEADER = YES;
				CLANG_WARN_RANGE_LOOP_ANALYSIS = YES;
				CLANG_WARN_STRICT_PROTOTYPES = YES;
				CLANG_WARN_SUSPICIOUS_MOVE = YES;
				CLANG_WARN_UNGUARDED_AVAILABILITY = YES_AGGRESSIVE;
				CLANG_WARN_UNREACHABLE_CODE = YES;
				CLANG_WARN__DUPLICATE_METHOD_MATCH = YES;
				COPY_PHASE_STRIP = NO;
				DEBUG_INFORMATION_FORMAT = "dwarf-with-dsym";
				ENABLE_NS_ASSERTIONS = NO;
				ENABLE_STRICT_OBJC_MSGSEND = YES;
				GCC_C_LANGUAGE_STANDARD = gnu11;
				GCC_NO_COMMON_BLOCKS = YES;
				GCC_WARN_64_TO_32_BIT_CONVERSION = YES;
				GCC_WARN_ABOUT_RETURN_TYPE = YES_ERROR;
				GCC_WARN_UNDECLARED_SELECTOR = YES;
				GCC_WARN_UNINITIALIZED_AUTOS = YES_AGGRESSIVE;
				GCC_WARN_UNUSED_FUNCTION = YES;
				GCC_WARN_UNUSED_VARIABLE = YES;
				IPHONEOS_DEPLOYMENT_TARGET = 14.4;
				MTL_ENABLE_DEBUG_INFO = NO;
				MTL_FAST_MATH = YES;
				SDKROOT = iphoneos;
				SWIFT_COMPILATION_MODE = wholemodule;
				SWIFT_OPTIMIZATION_LEVEL = "-O";
				VALIDATE_PRODUCT = YES;
			};
			name = Release;
		};
		AE4A680125D9B85400FCE650 /* Debug */ = {
			isa = XCBuildConfiguration;
			buildSettings = {
				ASSETCATALOG_COMPILER_APPICON_NAME = AppIcon;
				ASSETCATALOG_COMPILER_GLOBAL_ACCENT_COLOR_NAME = AccentColor;
				CODE_SIGN_STYLE = Automatic;
				INFOPLIST_FILE = Habits/Info.plist;
				LD_RUNPATH_SEARCH_PATHS = (
					"$(inherited)",
					"@executable_path/Frameworks",
				);
				PRODUCT_BUNDLE_IDENTIFIER = Habits.Habits;
				PRODUCT_NAME = "$(TARGET_NAME)";
				SWIFT_VERSION = 5.0;
				TARGETED_DEVICE_FAMILY = "1,2";
			};
			name = Debug;
		};
		AE4A680225D9B85400FCE650 /* Release */ = {
			isa = XCBuildConfiguration;
			buildSettings = {
				ASSETCATALOG_COMPILER_APPICON_NAME = AppIcon;
				ASSETCATALOG_COMPILER_GLOBAL_ACCENT_COLOR_NAME = AccentColor;
				CODE_SIGN_STYLE = Automatic;
				INFOPLIST_FILE = Habits/Info.plist;
				LD_RUNPATH_SEARCH_PATHS = (
					"$(inherited)",
					"@executable_path/Frameworks",
				);
				PRODUCT_BUNDLE_IDENTIFIER = Habits.Habits;
				PRODUCT_NAME = "$(TARGET_NAME)";
				SWIFT_VERSION = 5.0;
				TARGETED_DEVICE_FAMILY = "1,2";
			};
			name = Release;
		};
/* End XCBuildConfiguration section */

/* Begin XCConfigurationList section */
		AE4A67E725D9B85100FCE650 /* Build configuration list for PBXProject "Habits" */ = {
			isa = XCConfigurationList;
			buildConfigurations = (
				AE4A67FE25D9B85400FCE650 /* Debug */,
				AE4A67FF25D9B85400FCE650 /* Release */,
			);
			defaultConfigurationIsVisible = 0;
			defaultConfigurationName = Release;
		};
		AE4A680025D9B85400FCE650 /* Build configuration list for PBXNativeTarget "Habits" */ = {
			isa = XCConfigurationList;
			buildConfigurations = (
				AE4A680125D9B85400FCE650 /* Debug */,
				AE4A680225D9B85400FCE650 /* Release */,
			);
			defaultConfigurationIsVisible = 0;
			defaultConfigurationName = Release;
		};
/* End XCConfigurationList section */
	};
	rootObject = AE4A67E425D9B85100FCE650 /* Project object */;
}
